
Microsoft Visual Studio Solution File, Format Version 12.00
# Visual Studio Version 16
VisualStudioVersion = 16.0.29920.165
MinimumVisualStudioVersion = 10.0.40219.1
Project("{9A19103F-16F7-4668-BE54-9A1E7A4F7556}") = "MailFarms_SharedService", "MailFarms_SharedService.csproj", "{A7F52DE4-6FD7-4C17-ABDD-37C5BD33B6FA}"
EndProject
Global
	GlobalSection(SolutionConfigurationPlatforms) = preSolution
		Debug|Any CPU = Debug|Any CPU
		Release|Any CPU = Release|Any CPU
	EndGlobalSection
	GlobalSection(ProjectConfigurationPlatforms) = postSolution
		{A7F52DE4-6FD7-4C17-ABDD-37C5BD33B6FA}.Debug|Any CPU.ActiveCfg = Debug|Any CPU
		{A7F52DE4-6FD7-4C17-ABDD-37C5BD33B6FA}.Debug|Any CPU.Build.0 = Debug|Any CPU
		{A7F52DE4-6FD7-4C17-ABDD-37C5BD33B6FA}.Release|Any CPU.ActiveCfg = Release|Any CPU
		{A7F52DE4-6FD7-4C17-ABDD-37C5BD33B6FA}.Release|Any CPU.Build.0 = Release|Any CPU
	EndGlobalSection
	GlobalSection(SolutionProperties) = preSolution
		HideSolutionNode = FALSE
	EndGlobalSection
	GlobalSection(ExtensibilityGlobals) = postSolution
		SolutionGuid = {A00EA5B4-5D9E-458E-AE53-D65C7BAFAAF2}
	EndGlobalSection
EndGlobal
