
Microsoft Visual Studio Solution File, Format Version 12.00
# Visual Studio Version 16
VisualStudioVersion = 16.0.29911.84
MinimumVisualStudioVersion = 10.0.40219.1
Project("{FAE04EC0-301F-11D3-BF4B-00C04F79EFBC}") = "WinForms", "WinForms.csproj", "{13907934-BE7F-4AC4-BE33-84259B3345FC}"
EndProject
Project("{9A19103F-16F7-4668-BE54-9A1E7A4F7556}") = "MailFarms_SharedWeb", "..\..\..\Web\MailFarms\MailFarms_SharedWeb\MailFarms_SharedWeb.csproj", "{86E917E9-72C1-4889-8C29-55BAC2CEBA0F}"
EndProject
Global
	GlobalSection(SolutionConfigurationPlatforms) = preSolution
		Debug|Any CPU = Debug|Any CPU
		Release|Any CPU = Release|Any CPU
	EndGlobalSection
	GlobalSection(ProjectConfigurationPlatforms) = postSolution
		{13907934-BE7F-4AC4-BE33-84259B3345FC}.Debug|Any CPU.ActiveCfg = Debug|Any CPU
		{13907934-BE7F-4AC4-BE33-84259B3345FC}.Debug|Any CPU.Build.0 = Debug|Any CPU
		{13907934-BE7F-4AC4-BE33-84259B3345FC}.Release|Any CPU.ActiveCfg = Release|Any CPU
		{13907934-BE7F-4AC4-BE33-84259B3345FC}.Release|Any CPU.Build.0 = Release|Any CPU
		{86E917E9-72C1-4889-8C29-55BAC2CEBA0F}.Debug|Any CPU.ActiveCfg = Debug|Any CPU
		{86E917E9-72C1-4889-8C29-55BAC2CEBA0F}.Debug|Any CPU.Build.0 = Debug|Any CPU
		{86E917E9-72C1-4889-8C29-55BAC2CEBA0F}.Release|Any CPU.ActiveCfg = Release|Any CPU
		{86E917E9-72C1-4889-8C29-55BAC2CEBA0F}.Release|Any CPU.Build.0 = Release|Any CPU
	EndGlobalSection
	GlobalSection(SolutionProperties) = preSolution
		HideSolutionNode = FALSE
	EndGlobalSection
	GlobalSection(ExtensibilityGlobals) = postSolution
		SolutionGuid = {5F0F1066-B16D-46D9-B4E1-ADABCF9EB64C}
	EndGlobalSection
EndGlobal
